
Microsoft Visual Studio Solution File, Format Version 12.00
# Visual Studio Version 17
VisualStudioVersion = 17.1.32228.430
MinimumVisualStudioVersion = 10.0.40219.1
Project("{8BC9CEB8-8B4A-11D0-8D11-00A0C91BC942}") = "benum", "benum\benum.vcxproj", "{9797AF16-8170-48EC-AF64-132B87841117}"
EndProject
Project("{8BC9CEB8-8B4A-11D0-8D11-00A0C91BC942}") = "strings", "strings\strings.vcxproj", "{87FA26EC-94D5-4F1F-96EA-F92C2EE42CC0}"
EndProject
Project("{8BC9CEB8-8B4A-11D0-8D11-00A0C91BC942}") = "concepts", "concepts\concepts.vcxproj", "{9C87160A-12DB-4967-A38A-02B5723AC10A}"
EndProject
Project("{8BC9CEB8-8B4A-11D0-8D11-00A0C91BC942}") = "math", "math\math.vcxproj", "{E44BCB6C-3FB1-4583-933D-2FACB69BA585}"
EndProject
Project("{8BC9CEB8-8B4A-11D0-8D11-00A0C91BC942}") = "utils", "utils\utils.vcxproj", "{86008E6D-55EB-464E-B046-6A6D19C194E8}"
EndProject
Global
	GlobalSection(SolutionConfigurationPlatforms) = preSolution
		Debug|x64 = Debug|x64
		Debug|x86 = Debug|x86
		Release|x64 = Release|x64
		Release|x86 = Release|x86
	EndGlobalSection
	GlobalSection(ProjectConfigurationPlatforms) = postSolution
		{9797AF16-8170-48EC-AF64-132B87841117}.Debug|x64.ActiveCfg = Debug|x64
		{9797AF16-8170-48EC-AF64-132B87841117}.Debug|x64.Build.0 = Debug|x64
		{9797AF16-8170-48EC-AF64-132B87841117}.Debug|x86.ActiveCfg = Debug|Win32
		{9797AF16-8170-48EC-AF64-132B87841117}.Debug|x86.Build.0 = Debug|Win32
		{9797AF16-8170-48EC-AF64-132B87841117}.Release|x64.ActiveCfg = Release|x64
		{9797AF16-8170-48EC-AF64-132B87841117}.Release|x64.Build.0 = Release|x64
		{9797AF16-8170-48EC-AF64-132B87841117}.Release|x86.ActiveCfg = Release|Win32
		{9797AF16-8170-48EC-AF64-132B87841117}.Release|x86.Build.0 = Release|Win32
		{87FA26EC-94D5-4F1F-96EA-F92C2EE42CC0}.Debug|x64.ActiveCfg = Debug|x64
		{87FA26EC-94D5-4F1F-96EA-F92C2EE42CC0}.Debug|x64.Build.0 = Debug|x64
		{87FA26EC-94D5-4F1F-96EA-F92C2EE42CC0}.Debug|x86.ActiveCfg = Debug|Win32
		{87FA26EC-94D5-4F1F-96EA-F92C2EE42CC0}.Debug|x86.Build.0 = Debug|Win32
		{87FA26EC-94D5-4F1F-96EA-F92C2EE42CC0}.Release|x64.ActiveCfg = Release|x64
		{87FA26EC-94D5-4F1F-96EA-F92C2EE42CC0}.Release|x64.Build.0 = Release|x64
		{87FA26EC-94D5-4F1F-96EA-F92C2EE42CC0}.Release|x86.ActiveCfg = Release|Win32
		{87FA26EC-94D5-4F1F-96EA-F92C2EE42CC0}.Release|x86.Build.0 = Release|Win32
		{9C87160A-12DB-4967-A38A-02B5723AC10A}.Debug|x64.ActiveCfg = Debug|x64
		{9C87160A-12DB-4967-A38A-02B5723AC10A}.Debug|x64.Build.0 = Debug|x64
		{9C87160A-12DB-4967-A38A-02B5723AC10A}.Debug|x86.ActiveCfg = Debug|Win32
		{9C87160A-12DB-4967-A38A-02B5723AC10A}.Debug|x86.Build.0 = Debug|Win32
		{9C87160A-12DB-4967-A38A-02B5723AC10A}.Release|x64.ActiveCfg = Release|x64
		{9C87160A-12DB-4967-A38A-02B5723AC10A}.Release|x64.Build.0 = Release|x64
		{9C87160A-12DB-4967-A38A-02B5723AC10A}.Release|x86.ActiveCfg = Release|Win32
		{9C87160A-12DB-4967-A38A-02B5723AC10A}.Release|x86.Build.0 = Release|Win32
		{E44BCB6C-3FB1-4583-933D-2FACB69BA585}.Debug|x64.ActiveCfg = Debug|x64
		{E44BCB6C-3FB1-4583-933D-2FACB69BA585}.Debug|x64.Build.0 = Debug|x64
		{E44BCB6C-3FB1-4583-933D-2FACB69BA585}.Debug|x86.ActiveCfg = Debug|Win32
		{E44BCB6C-3FB1-4583-933D-2FACB69BA585}.Debug|x86.Build.0 = Debug|Win32
		{E44BCB6C-3FB1-4583-933D-2FACB69BA585}.Release|x64.ActiveCfg = Release|x64
		{E44BCB6C-3FB1-4583-933D-2FACB69BA585}.Release|x64.Build.0 = Release|x64
		{E44BCB6C-3FB1-4583-933D-2FACB69BA585}.Release|x86.ActiveCfg = Release|Win32
		{E44BCB6C-3FB1-4583-933D-2FACB69BA585}.Release|x86.Build.0 = Release|Win32
		{86008E6D-55EB-464E-B046-6A6D19C194E8}.Debug|x64.ActiveCfg = Debug|x64
		{86008E6D-55EB-464E-B046-6A6D19C194E8}.Debug|x64.Build.0 = Debug|x64
		{86008E6D-55EB-464E-B046-6A6D19C194E8}.Debug|x86.ActiveCfg = Debug|Win32
		{86008E6D-55EB-464E-B046-6A6D19C194E8}.Debug|x86.Build.0 = Debug|Win32
		{86008E6D-55EB-464E-B046-6A6D19C194E8}.Release|x64.ActiveCfg = Release|x64
		{86008E6D-55EB-464E-B046-6A6D19C194E8}.Release|x64.Build.0 = Release|x64
		{86008E6D-55EB-464E-B046-6A6D19C194E8}.Release|x86.ActiveCfg = Release|Win32
		{86008E6D-55EB-464E-B046-6A6D19C194E8}.Release|x86.Build.0 = Release|Win32
	EndGlobalSection
	GlobalSection(SolutionProperties) = preSolution
		HideSolutionNode = FALSE
	EndGlobalSection
	GlobalSection(ExtensibilityGlobals) = postSolution
		SolutionGuid = {64F33EBD-4D42-4593-8370-A826A90F520B}
	EndGlobalSection
EndGlobal
