
Microsoft Visual Studio Solution File, Format Version 12.00
# Visual Studio Version 17
VisualStudioVersion = 17.1.32228.430
MinimumVisualStudioVersion = 10.0.40219.1
Project("{8BC9CEB8-8B4A-11D0-8D11-00A0C91BC942}") = "benum", "benum\benum.vcxproj", "{9797AF16-8170-48EC-AF64-132B87841117}"
EndProject
Project("{8BC9CEB8-8B4A-11D0-8D11-00A0C91BC942}") = "strings", "strings\strings.vcxproj", "{87FA26EC-94D5-4F1F-96EA-F92C2EE42CC0}"
EndProject
Project("{8BC9CEB8-8B4A-11D0-8D11-00A0C91BC942}") = "concepts", "concepts\concepts.vcxproj", "{9C87160A-12DB-4967-A38A-02B5723AC10A}"
EndProject
Project("{8BC9CEB8-8B4A-11D0-8D11-00A0C91BC942}") = "math", "math\math.vcxproj", "{E44BCB6C-3FB1-4583-933D-2FACB69BA585}"
EndProject
Project("{8BC9CEB8-8B4A-11D0-8D11-00A0C91BC942}") = "matrix", "matrix\matrix.vcxproj", "{6E37A88F-A3DF-4AAF-9E34-06D18D7E5D37}"
EndProject
Project("{8BC9CEB8-8B4A-11D0-8D11-00A0C91BC942}") = "neuronetworks", "neuronetworks\neuronetworks.vcxproj", "{044F70B6-C9DF-4AD9-AE2B-760AFC30A52B}"
EndProject
Project("{8BC9CEB8-8B4A-11D0-8D11-00A0C91BC942}") = "population", "population\population.vcxproj", "{FDE1FDD3-1C8D-49BD-B8B6-EABD3D24B271}"
EndProject
Project("{8BC9CEB8-8B4A-11D0-8D11-00A0C91BC942}") = "lua_wrapper", "lua_wrapper\lua_wrapper.vcxproj", "{6789E5D5-DBCA-4FA2-B216-6A3F02E7B1F9}"
EndProject
Project("{8BC9CEB8-8B4A-11D0-8D11-00A0C91BC942}") = "datetime", "datetime\datetime.vcxproj", "{3792FA9C-0AFF-4884-B877-C427BCCB9F65}"
EndProject
Project("{8BC9CEB8-8B4A-11D0-8D11-00A0C91BC942}") = "fixed_point", "fixed_point\fixed_point.vcxproj", "{B4C216D4-6576-44B1-BB1F-2BD694C56CB3}"
EndProject
Global
	GlobalSection(SolutionConfigurationPlatforms) = preSolution
		Debug|x64 = Debug|x64
		Debug|x86 = Debug|x86
		Release|x64 = Release|x64
		Release|x86 = Release|x86
	EndGlobalSection
	GlobalSection(ProjectConfigurationPlatforms) = postSolution
		{9797AF16-8170-48EC-AF64-132B87841117}.Debug|x64.ActiveCfg = Debug|x64
		{9797AF16-8170-48EC-AF64-132B87841117}.Debug|x64.Build.0 = Debug|x64
		{9797AF16-8170-48EC-AF64-132B87841117}.Debug|x86.ActiveCfg = Debug|Win32
		{9797AF16-8170-48EC-AF64-132B87841117}.Debug|x86.Build.0 = Debug|Win32
		{9797AF16-8170-48EC-AF64-132B87841117}.Release|x64.ActiveCfg = Release|x64
		{9797AF16-8170-48EC-AF64-132B87841117}.Release|x64.Build.0 = Release|x64
		{9797AF16-8170-48EC-AF64-132B87841117}.Release|x86.ActiveCfg = Release|Win32
		{9797AF16-8170-48EC-AF64-132B87841117}.Release|x86.Build.0 = Release|Win32
		{87FA26EC-94D5-4F1F-96EA-F92C2EE42CC0}.Debug|x64.ActiveCfg = Debug|x64
		{87FA26EC-94D5-4F1F-96EA-F92C2EE42CC0}.Debug|x64.Build.0 = Debug|x64
		{87FA26EC-94D5-4F1F-96EA-F92C2EE42CC0}.Debug|x86.ActiveCfg = Debug|Win32
		{87FA26EC-94D5-4F1F-96EA-F92C2EE42CC0}.Debug|x86.Build.0 = Debug|Win32
		{87FA26EC-94D5-4F1F-96EA-F92C2EE42CC0}.Release|x64.ActiveCfg = Release|x64
		{87FA26EC-94D5-4F1F-96EA-F92C2EE42CC0}.Release|x64.Build.0 = Release|x64
		{87FA26EC-94D5-4F1F-96EA-F92C2EE42CC0}.Release|x86.ActiveCfg = Release|Win32
		{87FA26EC-94D5-4F1F-96EA-F92C2EE42CC0}.Release|x86.Build.0 = Release|Win32
		{9C87160A-12DB-4967-A38A-02B5723AC10A}.Debug|x64.ActiveCfg = Debug|x64
		{9C87160A-12DB-4967-A38A-02B5723AC10A}.Debug|x64.Build.0 = Debug|x64
		{9C87160A-12DB-4967-A38A-02B5723AC10A}.Debug|x86.ActiveCfg = Debug|Win32
		{9C87160A-12DB-4967-A38A-02B5723AC10A}.Debug|x86.Build.0 = Debug|Win32
		{9C87160A-12DB-4967-A38A-02B5723AC10A}.Release|x64.ActiveCfg = Release|x64
		{9C87160A-12DB-4967-A38A-02B5723AC10A}.Release|x64.Build.0 = Release|x64
		{9C87160A-12DB-4967-A38A-02B5723AC10A}.Release|x86.ActiveCfg = Release|Win32
		{9C87160A-12DB-4967-A38A-02B5723AC10A}.Release|x86.Build.0 = Release|Win32
		{E44BCB6C-3FB1-4583-933D-2FACB69BA585}.Debug|x64.ActiveCfg = Debug|x64
		{E44BCB6C-3FB1-4583-933D-2FACB69BA585}.Debug|x64.Build.0 = Debug|x64
		{E44BCB6C-3FB1-4583-933D-2FACB69BA585}.Debug|x86.ActiveCfg = Debug|Win32
		{E44BCB6C-3FB1-4583-933D-2FACB69BA585}.Debug|x86.Build.0 = Debug|Win32
		{E44BCB6C-3FB1-4583-933D-2FACB69BA585}.Release|x64.ActiveCfg = Release|x64
		{E44BCB6C-3FB1-4583-933D-2FACB69BA585}.Release|x64.Build.0 = Release|x64
		{E44BCB6C-3FB1-4583-933D-2FACB69BA585}.Release|x86.ActiveCfg = Release|Win32
		{E44BCB6C-3FB1-4583-933D-2FACB69BA585}.Release|x86.Build.0 = Release|Win32
		{6E37A88F-A3DF-4AAF-9E34-06D18D7E5D37}.Debug|x64.ActiveCfg = Debug|x64
		{6E37A88F-A3DF-4AAF-9E34-06D18D7E5D37}.Debug|x64.Build.0 = Debug|x64
		{6E37A88F-A3DF-4AAF-9E34-06D18D7E5D37}.Debug|x86.ActiveCfg = Debug|Win32
		{6E37A88F-A3DF-4AAF-9E34-06D18D7E5D37}.Debug|x86.Build.0 = Debug|Win32
		{6E37A88F-A3DF-4AAF-9E34-06D18D7E5D37}.Release|x64.ActiveCfg = Release|x64
		{6E37A88F-A3DF-4AAF-9E34-06D18D7E5D37}.Release|x64.Build.0 = Release|x64
		{6E37A88F-A3DF-4AAF-9E34-06D18D7E5D37}.Release|x86.ActiveCfg = Release|Win32
		{6E37A88F-A3DF-4AAF-9E34-06D18D7E5D37}.Release|x86.Build.0 = Release|Win32
		{044F70B6-C9DF-4AD9-AE2B-760AFC30A52B}.Debug|x64.ActiveCfg = Debug|x64
		{044F70B6-C9DF-4AD9-AE2B-760AFC30A52B}.Debug|x64.Build.0 = Debug|x64
		{044F70B6-C9DF-4AD9-AE2B-760AFC30A52B}.Debug|x86.ActiveCfg = Debug|Win32
		{044F70B6-C9DF-4AD9-AE2B-760AFC30A52B}.Debug|x86.Build.0 = Debug|Win32
		{044F70B6-C9DF-4AD9-AE2B-760AFC30A52B}.Release|x64.ActiveCfg = Release|x64
		{044F70B6-C9DF-4AD9-AE2B-760AFC30A52B}.Release|x64.Build.0 = Release|x64
		{044F70B6-C9DF-4AD9-AE2B-760AFC30A52B}.Release|x86.ActiveCfg = Release|Win32
		{044F70B6-C9DF-4AD9-AE2B-760AFC30A52B}.Release|x86.Build.0 = Release|Win32
		{FDE1FDD3-1C8D-49BD-B8B6-EABD3D24B271}.Debug|x64.ActiveCfg = Debug|x64
		{FDE1FDD3-1C8D-49BD-B8B6-EABD3D24B271}.Debug|x64.Build.0 = Debug|x64
		{FDE1FDD3-1C8D-49BD-B8B6-EABD3D24B271}.Debug|x86.ActiveCfg = Debug|Win32
		{FDE1FDD3-1C8D-49BD-B8B6-EABD3D24B271}.Debug|x86.Build.0 = Debug|Win32
		{FDE1FDD3-1C8D-49BD-B8B6-EABD3D24B271}.Release|x64.ActiveCfg = Release|x64
		{FDE1FDD3-1C8D-49BD-B8B6-EABD3D24B271}.Release|x64.Build.0 = Release|x64
		{FDE1FDD3-1C8D-49BD-B8B6-EABD3D24B271}.Release|x86.ActiveCfg = Release|Win32
		{FDE1FDD3-1C8D-49BD-B8B6-EABD3D24B271}.Release|x86.Build.0 = Release|Win32
		{6789E5D5-DBCA-4FA2-B216-6A3F02E7B1F9}.Debug|x64.ActiveCfg = Debug|x64
		{6789E5D5-DBCA-4FA2-B216-6A3F02E7B1F9}.Debug|x64.Build.0 = Debug|x64
		{6789E5D5-DBCA-4FA2-B216-6A3F02E7B1F9}.Debug|x86.ActiveCfg = Debug|Win32
		{6789E5D5-DBCA-4FA2-B216-6A3F02E7B1F9}.Debug|x86.Build.0 = Debug|Win32
		{6789E5D5-DBCA-4FA2-B216-6A3F02E7B1F9}.Release|x64.ActiveCfg = Release|x64
		{6789E5D5-DBCA-4FA2-B216-6A3F02E7B1F9}.Release|x64.Build.0 = Release|x64
		{6789E5D5-DBCA-4FA2-B216-6A3F02E7B1F9}.Release|x86.ActiveCfg = Release|Win32
		{6789E5D5-DBCA-4FA2-B216-6A3F02E7B1F9}.Release|x86.Build.0 = Release|Win32
		{3792FA9C-0AFF-4884-B877-C427BCCB9F65}.Debug|x64.ActiveCfg = Debug|x64
		{3792FA9C-0AFF-4884-B877-C427BCCB9F65}.Debug|x64.Build.0 = Debug|x64
		{3792FA9C-0AFF-4884-B877-C427BCCB9F65}.Debug|x86.ActiveCfg = Debug|Win32
		{3792FA9C-0AFF-4884-B877-C427BCCB9F65}.Debug|x86.Build.0 = Debug|Win32
		{3792FA9C-0AFF-4884-B877-C427BCCB9F65}.Release|x64.ActiveCfg = Release|x64
		{3792FA9C-0AFF-4884-B877-C427BCCB9F65}.Release|x64.Build.0 = Release|x64
		{3792FA9C-0AFF-4884-B877-C427BCCB9F65}.Release|x86.ActiveCfg = Release|Win32
		{3792FA9C-0AFF-4884-B877-C427BCCB9F65}.Release|x86.Build.0 = Release|Win32
		{B4C216D4-6576-44B1-BB1F-2BD694C56CB3}.Debug|x64.ActiveCfg = Debug|x64
		{B4C216D4-6576-44B1-BB1F-2BD694C56CB3}.Debug|x64.Build.0 = Debug|x64
		{B4C216D4-6576-44B1-BB1F-2BD694C56CB3}.Debug|x86.ActiveCfg = Debug|Win32
		{B4C216D4-6576-44B1-BB1F-2BD694C56CB3}.Debug|x86.Build.0 = Debug|Win32
		{B4C216D4-6576-44B1-BB1F-2BD694C56CB3}.Release|x64.ActiveCfg = Release|x64
		{B4C216D4-6576-44B1-BB1F-2BD694C56CB3}.Release|x64.Build.0 = Release|x64
		{B4C216D4-6576-44B1-BB1F-2BD694C56CB3}.Release|x86.ActiveCfg = Release|Win32
		{B4C216D4-6576-44B1-BB1F-2BD694C56CB3}.Release|x86.Build.0 = Release|Win32
	EndGlobalSection
	GlobalSection(SolutionProperties) = preSolution
		HideSolutionNode = FALSE
	EndGlobalSection
	GlobalSection(ExtensibilityGlobals) = postSolution
		SolutionGuid = {64F33EBD-4D42-4593-8370-A826A90F520B}
	EndGlobalSection
EndGlobal
