
Microsoft Visual Studio Solution File, Format Version 12.00
# Visual Studio Version 18
VisualStudioVersion = 18.3.11527.330
MinimumVisualStudioVersion = 10.0.40219.1
Project("{8BC9CEB8-8B4A-11D0-8D11-00A0C91BC942}") = "neuronetworks", "neuronetworks\neuronetworks.vcxproj", "{044F70B6-C9DF-4AD9-AE2B-760AFC30A52B}"
EndProject
Project("{8BC9CEB8-8B4A-11D0-8D11-00A0C91BC942}") = "population", "population\population.vcxproj", "{FDE1FDD3-1C8D-49BD-B8B6-EABD3D24B271}"
EndProject
Project("{8BC9CEB8-8B4A-11D0-8D11-00A0C91BC942}") = "lua_wrapper", "lua_wrapper\lua_wrapper.vcxproj", "{6789E5D5-DBCA-4FA2-B216-6A3F02E7B1F9}"
EndProject
Project("{8BC9CEB8-8B4A-11D0-8D11-00A0C91BC942}") = "renum", "renum\renum.vcxproj", "{0401A51E-47D5-4F43-8DB7-AAAD3A935421}"
EndProject
Project("{8BC9CEB8-8B4A-11D0-8D11-00A0C91BC942}") = "concepts", "concepts\concepts.vcxproj", "{EE51514D-3700-42D2-A821-9E412D8C4959}"
EndProject
Project("{8BC9CEB8-8B4A-11D0-8D11-00A0C91BC942}") = "strings", "strings\strings.vcxproj", "{81D4434B-5799-4161-A0A3-E26A14CB2E85}"
EndProject
Project("{8BC9CEB8-8B4A-11D0-8D11-00A0C91BC942}") = "math", "math\math.vcxproj", "{590886DC-0B1B-438F-9D9B-DD46A4D022CC}"
EndProject
Project("{8BC9CEB8-8B4A-11D0-8D11-00A0C91BC942}") = "calendar", "calendar\calendar.vcxproj", "{7E498F02-34F4-4AA4-BFFB-2DF7867E131E}"
EndProject
Global
	GlobalSection(SolutionConfigurationPlatforms) = preSolution
		Debug|x64 = Debug|x64
		Debug|x86 = Debug|x86
		Release|x64 = Release|x64
		Release|x86 = Release|x86
	EndGlobalSection
	GlobalSection(ProjectConfigurationPlatforms) = postSolution
		{044F70B6-C9DF-4AD9-AE2B-760AFC30A52B}.Debug|x64.ActiveCfg = Debug|x64
		{044F70B6-C9DF-4AD9-AE2B-760AFC30A52B}.Debug|x64.Build.0 = Debug|x64
		{044F70B6-C9DF-4AD9-AE2B-760AFC30A52B}.Debug|x86.ActiveCfg = Debug|Win32
		{044F70B6-C9DF-4AD9-AE2B-760AFC30A52B}.Debug|x86.Build.0 = Debug|Win32
		{044F70B6-C9DF-4AD9-AE2B-760AFC30A52B}.Release|x64.ActiveCfg = Release|x64
		{044F70B6-C9DF-4AD9-AE2B-760AFC30A52B}.Release|x64.Build.0 = Release|x64
		{044F70B6-C9DF-4AD9-AE2B-760AFC30A52B}.Release|x86.ActiveCfg = Release|Win32
		{044F70B6-C9DF-4AD9-AE2B-760AFC30A52B}.Release|x86.Build.0 = Release|Win32
		{FDE1FDD3-1C8D-49BD-B8B6-EABD3D24B271}.Debug|x64.ActiveCfg = Debug|x64
		{FDE1FDD3-1C8D-49BD-B8B6-EABD3D24B271}.Debug|x64.Build.0 = Debug|x64
		{FDE1FDD3-1C8D-49BD-B8B6-EABD3D24B271}.Debug|x86.ActiveCfg = Debug|Win32
		{FDE1FDD3-1C8D-49BD-B8B6-EABD3D24B271}.Debug|x86.Build.0 = Debug|Win32
		{FDE1FDD3-1C8D-49BD-B8B6-EABD3D24B271}.Release|x64.ActiveCfg = Release|x64
		{FDE1FDD3-1C8D-49BD-B8B6-EABD3D24B271}.Release|x64.Build.0 = Release|x64
		{FDE1FDD3-1C8D-49BD-B8B6-EABD3D24B271}.Release|x86.ActiveCfg = Release|Win32
		{FDE1FDD3-1C8D-49BD-B8B6-EABD3D24B271}.Release|x86.Build.0 = Release|Win32
		{6789E5D5-DBCA-4FA2-B216-6A3F02E7B1F9}.Debug|x64.ActiveCfg = Debug|x64
		{6789E5D5-DBCA-4FA2-B216-6A3F02E7B1F9}.Debug|x64.Build.0 = Debug|x64
		{6789E5D5-DBCA-4FA2-B216-6A3F02E7B1F9}.Debug|x86.ActiveCfg = Debug|Win32
		{6789E5D5-DBCA-4FA2-B216-6A3F02E7B1F9}.Debug|x86.Build.0 = Debug|Win32
		{6789E5D5-DBCA-4FA2-B216-6A3F02E7B1F9}.Release|x64.ActiveCfg = Release|x64
		{6789E5D5-DBCA-4FA2-B216-6A3F02E7B1F9}.Release|x64.Build.0 = Release|x64
		{6789E5D5-DBCA-4FA2-B216-6A3F02E7B1F9}.Release|x86.ActiveCfg = Release|Win32
		{6789E5D5-DBCA-4FA2-B216-6A3F02E7B1F9}.Release|x86.Build.0 = Release|Win32
		{0401A51E-47D5-4F43-8DB7-AAAD3A935421}.Debug|x64.ActiveCfg = Debug|x64
		{0401A51E-47D5-4F43-8DB7-AAAD3A935421}.Debug|x64.Build.0 = Debug|x64
		{0401A51E-47D5-4F43-8DB7-AAAD3A935421}.Debug|x86.ActiveCfg = Debug|Win32
		{0401A51E-47D5-4F43-8DB7-AAAD3A935421}.Debug|x86.Build.0 = Debug|Win32
		{0401A51E-47D5-4F43-8DB7-AAAD3A935421}.Release|x64.ActiveCfg = Release|x64
		{0401A51E-47D5-4F43-8DB7-AAAD3A935421}.Release|x64.Build.0 = Release|x64
		{0401A51E-47D5-4F43-8DB7-AAAD3A935421}.Release|x86.ActiveCfg = Release|Win32
		{0401A51E-47D5-4F43-8DB7-AAAD3A935421}.Release|x86.Build.0 = Release|Win32
		{EE51514D-3700-42D2-A821-9E412D8C4959}.Debug|x64.ActiveCfg = Debug|x64
		{EE51514D-3700-42D2-A821-9E412D8C4959}.Debug|x64.Build.0 = Debug|x64
		{EE51514D-3700-42D2-A821-9E412D8C4959}.Debug|x86.ActiveCfg = Debug|Win32
		{EE51514D-3700-42D2-A821-9E412D8C4959}.Debug|x86.Build.0 = Debug|Win32
		{EE51514D-3700-42D2-A821-9E412D8C4959}.Release|x64.ActiveCfg = Release|x64
		{EE51514D-3700-42D2-A821-9E412D8C4959}.Release|x64.Build.0 = Release|x64
		{EE51514D-3700-42D2-A821-9E412D8C4959}.Release|x86.ActiveCfg = Release|Win32
		{EE51514D-3700-42D2-A821-9E412D8C4959}.Release|x86.Build.0 = Release|Win32
		{81D4434B-5799-4161-A0A3-E26A14CB2E85}.Debug|x64.ActiveCfg = Debug|x64
		{81D4434B-5799-4161-A0A3-E26A14CB2E85}.Debug|x64.Build.0 = Debug|x64
		{81D4434B-5799-4161-A0A3-E26A14CB2E85}.Debug|x86.ActiveCfg = Debug|Win32
		{81D4434B-5799-4161-A0A3-E26A14CB2E85}.Debug|x86.Build.0 = Debug|Win32
		{81D4434B-5799-4161-A0A3-E26A14CB2E85}.Release|x64.ActiveCfg = Release|x64
		{81D4434B-5799-4161-A0A3-E26A14CB2E85}.Release|x64.Build.0 = Release|x64
		{81D4434B-5799-4161-A0A3-E26A14CB2E85}.Release|x86.ActiveCfg = Release|Win32
		{81D4434B-5799-4161-A0A3-E26A14CB2E85}.Release|x86.Build.0 = Release|Win32
		{590886DC-0B1B-438F-9D9B-DD46A4D022CC}.Debug|x64.ActiveCfg = Debug|x64
		{590886DC-0B1B-438F-9D9B-DD46A4D022CC}.Debug|x64.Build.0 = Debug|x64
		{590886DC-0B1B-438F-9D9B-DD46A4D022CC}.Debug|x86.ActiveCfg = Debug|Win32
		{590886DC-0B1B-438F-9D9B-DD46A4D022CC}.Debug|x86.Build.0 = Debug|Win32
		{590886DC-0B1B-438F-9D9B-DD46A4D022CC}.Release|x64.ActiveCfg = Release|x64
		{590886DC-0B1B-438F-9D9B-DD46A4D022CC}.Release|x64.Build.0 = Release|x64
		{590886DC-0B1B-438F-9D9B-DD46A4D022CC}.Release|x86.ActiveCfg = Release|Win32
		{590886DC-0B1B-438F-9D9B-DD46A4D022CC}.Release|x86.Build.0 = Release|Win32
		{7E498F02-34F4-4AA4-BFFB-2DF7867E131E}.Debug|x64.ActiveCfg = Debug|x64
		{7E498F02-34F4-4AA4-BFFB-2DF7867E131E}.Debug|x64.Build.0 = Debug|x64
		{7E498F02-34F4-4AA4-BFFB-2DF7867E131E}.Debug|x86.ActiveCfg = Debug|Win32
		{7E498F02-34F4-4AA4-BFFB-2DF7867E131E}.Debug|x86.Build.0 = Debug|Win32
		{7E498F02-34F4-4AA4-BFFB-2DF7867E131E}.Release|x64.ActiveCfg = Release|x64
		{7E498F02-34F4-4AA4-BFFB-2DF7867E131E}.Release|x64.Build.0 = Release|x64
		{7E498F02-34F4-4AA4-BFFB-2DF7867E131E}.Release|x86.ActiveCfg = Release|Win32
		{7E498F02-34F4-4AA4-BFFB-2DF7867E131E}.Release|x86.Build.0 = Release|Win32
	EndGlobalSection
	GlobalSection(SolutionProperties) = preSolution
		HideSolutionNode = FALSE
	EndGlobalSection
	GlobalSection(ExtensibilityGlobals) = postSolution
		SolutionGuid = {64F33EBD-4D42-4593-8370-A826A90F520B}
	EndGlobalSection
EndGlobal
